PODS:
  - AFNetworking (3.2.1):
    - AFNetworking/NSURLSession (= 3.2.1)
    - AFNetworking/Reachability (= 3.2.1)
    - AFNetworking/Security (= 3.2.1)
    - AFNetworking/Serialization (= 3.2.1)
    - AFNetworking/UIKit (= 3.2.1)
  - AFNetworking/NSURLSession (3.2.1):
    - AFNetworking/Reachability
    - AFNetworking/Security
    - AFNetworking/Serialization
  - AFNetworking/Reachability (3.2.1)
  - AFNetworking/Security (3.2.1)
  - AFNetworking/Serialization (3.2.1)
  - AFNetworking/UIKit (3.2.1):
    - AFNetworking/NSURLSession
  - AlipaySDK-iOS (15.5.5)
  - Aspects (1.4.1)
  - CocoaLumberjack (3.4.2):
    - CocoaLumberjack/Default (= 3.4.2)
    - CocoaLumberjack/Extensions (= 3.4.2)
  - CocoaLumberjack/Default (3.4.2)
  - CocoaLumberjack/Extensions (3.4.2):
    - CocoaLumberjack/Default
  - FLAnimatedImage (1.0.12)
  - FLEX (2.4.0)
  - GTSDK (2.3.1.0)
  - JSPatch (1.1.3):
    - JSPatch/Core (= 1.1.3)
  - JSPatch/Core (1.1.3)
  - LYEmptyView (1.2.2)
  - MBProgressHUD (1.1.0)
  - UMCAnalytics (5.5.2):
    - UMCCommon
  - UMCCommon (1.5.3)
  - UMCCommonLog (1.0.0)
  - UMCShare/Core (6.9.5):
    - UMCCommon
  - UMCShare/Social/ReducedQQ (6.9.5):
    - UMCCommon
    - UMCShare/Core
  - UMCShare/Social/ReducedSina (6.9.5):
    - UMCCommon
    - UMCShare/Core
  - UMCShare/Social/ReducedWeChat (6.9.5):
    - UMCCommon
    - UMCShare/Core
  - UMCShare/UI (6.9.5):
    - UMCCommon
    - UMCShare/Core
  - WechatOpenSDK (1.8.3)
  - WYModule (0.1.0):
    - WYModule/WYAnalytics (= 0.1.0)
    - WYModule/WYCore (= 0.1.0)
    - WYModule/WYEmptyViewHelper (= 0.1.0)
    - WYModule/WYGT (= 0.1.0)
    - WYModule/WYIntroViewHelper (= 0.1.0)
    - WYModule/WYLaunchAdHelper (= 0.1.0)
    - WYModule/WYLocationManager (= 0.1.0)
    - WYModule/WYPatchHelper (= 0.1.0)
    - WYModule/WYPay (= 0.1.0)
    - WYModule/WYSocial (= 0.1.0)
    - WYModule/WYUI (= 0.1.0)
  - WYModule/WYAnalytics (0.1.0):
    - Aspects
    - UMCAnalytics
    - UMCCommon
    - UMCCommonLog
    - WYModule/WYCore
  - WYModule/WYCore (0.1.0):
    - CocoaLumberjack
    - FLEX
    - MBProgressHUD
    - XAspect
    - YTKNetwork
  - WYModule/WYEmptyViewHelper (0.1.0):
    - LYEmptyView
    - WYModule/WYCore
  - WYModule/WYGT (0.1.0):
    - GTSDK
    - WYModule/WYCore
    - XAspect
  - WYModule/WYIntroViewHelper (0.1.0):
    - WYModule/WYCore
  - WYModule/WYLaunchAdHelper (0.1.0):
    - AFNetworking
    - WYModule/WYCore
    - XHLaunchAd
  - WYModule/WYLocationManager (0.1.0):
    - WYModule/WYCore
  - WYModule/WYPatchHelper (0.1.0):
    - AFNetworking
    - JSPatch
    - WYModule/WYCore
    - YYCache
  - WYModule/WYPay (0.1.0):
    - AlipaySDK-iOS
    - WechatOpenSDK
    - WYModule/WYCore
  - WYModule/WYSocial (0.1.0):
    - UMCCommon
    - UMCCommonLog
    - UMCShare/Social/ReducedQQ
    - UMCShare/Social/ReducedSina
    - UMCShare/Social/ReducedWeChat
    - UMCShare/UI
    - WYModule/WYCore
    - XAspect
  - WYModule/WYUI (0.1.0):
    - WYModule/WYCore
  - XAspect (1.0.5):
    - XAspect/Core (= 1.0.5)
    - XAspect/Macros (= 1.0.5)
  - XAspect/Core (1.0.5):
    - XAspect/Macros
  - XAspect/Macros (1.0.5)
  - XHLaunchAd (3.9.8):
    - FLAnimatedImage (~> 1.0.12)
  - YTKNetwork (2.0.4):
    - AFNetworking (~> 3.0)
  - YYCache (1.0.4)

DEPENDENCIES:
  - WYModule (from `../`)

SPEC REPOS:
  https://github.com/cocoapods/specs.git:
    - AFNetworking
    - AlipaySDK-iOS
    - Aspects
    - CocoaLumberjack
    - FLAnimatedImage
    - FLEX
    - GTSDK
    - JSPatch
    - LYEmptyView
    - MBProgressHUD
    - UMCAnalytics
    - UMCCommon
    - UMCCommonLog
    - UMCShare
    - WechatOpenSDK
    - XAspect
    - XHLaunchAd
    - YTKNetwork
    - YYCache

EXTERNAL SOURCES:
  WYModule:
    :path: "../"

SPEC CHECKSUMS:
  AFNetworking: b6f891fdfaed196b46c7a83cf209e09697b94057
  AlipaySDK-iOS: 7b700342e71cb3b626603ce96f9d2fb158acbcfb
  Aspects: 7595ba96a6727a58ebcbfc954497fc5d2fdde546
  CocoaLumberjack: db7cc9e464771f12054c22ff6947c5a58d43a0fd
  FLAnimatedImage: 4a0b56255d9b05f18b6dd7ee06871be5d3b89e31
  FLEX: bd1a39e55b56bb413b6f1b34b3c10a0dc44ef079
  GTSDK: 494ef4408b38bb637d6020068aac7f26cbe9d82e
  JSPatch: 02cfed591cb907bbfe80a346666e5a35fc2d349d
  LYEmptyView: 12c9db1f3946fa3c812674467ad95b7ae7c93614
  MBProgressHUD: e7baa36a220447d8aeb12769bf0585582f3866d9
  UMCAnalytics: 6654fd3c8201ff6da5c86a3ae29cd5c8436d3b7b
  UMCCommon: 016af43c0f769feb1ae1861d65aaf2b23b89c9c7
  UMCCommonLog: 05a2d5de21858e3d870551562cff405c1366d244
  UMCShare: 552b29753f1b4da87b51d96545ed19e6263df397
  WechatOpenSDK: 3117412f8aafde4758cac1e8d20b93c67cafcfef
  WYModule: caa0f16b55cc126c59413e38ca021bebbabc7e3c
  XAspect: db50bf487f92dbb8557a7a5365556966c8493af8
  XHLaunchAd: 45048592af01aa501c9d2d0c45e95ca74c4d0596
  YTKNetwork: df8a7a5597bda1664a4efaa7ef871a818a887fe0
  YYCache: 8105b6638f5e849296c71f331ff83891a4942952

PODFILE CHECKSUM: 9f3389b750a809ea2ba51b8bf7f5c38bc375480a

COCOAPODS: 1.6.0.beta.2
